// !$*UTF8*$!
{
	archiveVersion = 1;
	classes = {
	};
	objectVersion = 50;
	objects = {

/* Begin PBXBuildFile section */
		770DCBBA22263908006BF573 /* AppDelegate.m in Sources */ = {isa = PBXBuildFile; fileRef = 770DCBB922263908006BF573 /* AppDelegate.m */; };
		770DCBBD22263908006BF573 /* ViewController.m in Sources */ = {isa = PBXBuildFile; fileRef = 770DCBBC22263908006BF573 /* ViewController.m */; };
		770DCBC022263908006BF573 /* Main.storyboard in Resources */ = {isa = PBXBuildFile; fileRef = 770DCBBE22263908006BF573 /* Main.storyboard */; };
		770DCBC222263908006BF573 /* Assets.xcassets in Resources */ = {isa = PBXBuildFile; fileRef = 770DCBC122263908006BF573 /* Assets.xcassets */; };
		770DCBC522263908006BF573 /* LaunchScreen.storyboard in Resources */ = {isa = PBXBuildFile; fileRef = 770DCBC322263908006BF573 /* LaunchScreen.storyboard */; };
		770DCBC822263908006BF573 /* main.m in Sources */ = {isa = PBXBuildFile; fileRef = 770DCBC722263908006BF573 /* main.m */; };
		770DCBD122263AC6006BF573 /* JQTool.m in Sources */ = {isa = PBXBuildFile; fileRef = 770DCBD022263AC6006BF573 /* JQTool.m */; };
		77B04A742227E2DC00169D9A /* CCPCalendarCellTableViewCell.m in Sources */ = {isa = PBXBuildFile; fileRef = 77B04A5F2227E2DC00169D9A /* CCPCalendarCellTableViewCell.m */; };
		77B04A752227E2DC00169D9A /* UIView+CCPView.m in Sources */ = {isa = PBXBuildFile; fileRef = 77B04A632227E2DC00169D9A /* UIView+CCPView.m */; };
		77B04A762227E2DC00169D9A /* NSObject+CCPObjc.m in Sources */ = {isa = PBXBuildFile; fileRef = 77B04A642227E2DC00169D9A /* NSObject+CCPObjc.m */; };
		77B04A772227E2DC00169D9A /* UILabel+CCPLabel.m in Sources */ = {isa = PBXBuildFile; fileRef = 77B04A662227E2DC00169D9A /* UILabel+CCPLabel.m */; };
		77B04A782227E2DC00169D9A /* CCPCalendarHeader.m in Sources */ = {isa = PBXBuildFile; fileRef = 77B04A672227E2DC00169D9A /* CCPCalendarHeader.m */; };
		77B04A792227E2DC00169D9A /* CCPCalendarModel.m in Sources */ = {isa = PBXBuildFile; fileRef = 77B04A692227E2DC00169D9A /* CCPCalendarModel.m */; };
		77B04A7A2227E2DC00169D9A /* CCPCalendarTable.m in Sources */ = {isa = PBXBuildFile; fileRef = 77B04A6B2227E2DC00169D9A /* CCPCalendarTable.m */; };
		77B04A7B2227E2DC00169D9A /* CCPCalendarManager.m in Sources */ = {isa = PBXBuildFile; fileRef = 77B04A6D2227E2DC00169D9A /* CCPCalendarManager.m */; };
		77B04A7C2227E2DC00169D9A /* CCPCalendarView.m in Sources */ = {isa = PBXBuildFile; fileRef = 77B04A702227E2DC00169D9A /* CCPCalendarView.m */; };
		77B04A7D2227E2DC00169D9A /* NSDate+CCPCalendar.m in Sources */ = {isa = PBXBuildFile; fileRef = 77B04A712227E2DC00169D9A /* NSDate+CCPCalendar.m */; };
		77B04A7E2227E2DC00169D9A /* CCPCalendarButton.m in Sources */ = {isa = PBXBuildFile; fileRef = 77B04A722227E2DC00169D9A /* CCPCalendarButton.m */; };
/* End PBXBuildFile section */

/* Begin PBXFileReference section */
		770DCBB522263908006BF573 /* TestApp.app */ = {isa = PBXFileReference; explicitFileType = wrapper.application; includeInIndex = 0; path = TestApp.app; sourceTree = BUILT_PRODUCTS_DIR; };
		770DCBB822263908006BF573 /* AppDelegate.h */ = {isa = PBXFileReference; lastKnownFileType = sourcecode.c.h; path = AppDelegate.h; sourceTree = "<group>"; };
		770DCBB922263908006BF573 /* AppDelegate.m */ = {isa = PBXFileReference; lastKnownFileType = sourcecode.c.objc; path = AppDelegate.m; sourceTree = "<group>"; };
		770DCBBB22263908006BF573 /* ViewController.h */ = {isa = PBXFileReference; lastKnownFileType = sourcecode.c.h; path = ViewController.h; sourceTree = "<group>"; };
		770DCBBC22263908006BF573 /* ViewController.m */ = {isa = PBXFileReference; lastKnownFileType = sourcecode.c.objc; path = ViewController.m; sourceTree = "<group>"; };
		770DCBBF22263908006BF573 /* Base */ = {isa = PBXFileReference; lastKnownFileType = file.storyboard; name = Base; path = Base.lproj/Main.storyboard; sourceTree = "<group>"; };
		770DCBC122263908006BF573 /* Assets.xcassets */ = {isa = PBXFileReference; lastKnownFileType = folder.assetcatalog; path = Assets.xcassets; sourceTree = "<group>"; };
		770DCBC422263908006BF573 /* Base */ = {isa = PBXFileReference; lastKnownFileType = file.storyboard; name = Base; path = Base.lproj/LaunchScreen.storyboard; sourceTree = "<group>"; };
		770DCBC622263908006BF573 /* Info.plist */ = {isa = PBXFileReference; lastKnownFileType = text.plist.xml; path = Info.plist; sourceTree = "<group>"; };
		770DCBC722263908006BF573 /* main.m */ = {isa = PBXFileReference; lastKnownFileType = sourcecode.c.objc; path = main.m; sourceTree = "<group>"; };
		770DCBCF22263AC6006BF573 /* JQTool.h */ = {isa = PBXFileReference; lastKnownFileType = sourcecode.c.h; path = JQTool.h; sourceTree = "<group>"; };
		770DCBD022263AC6006BF573 /* JQTool.m */ = {isa = PBXFileReference; lastKnownFileType = sourcecode.c.objc; path = JQTool.m; sourceTree = "<group>"; };
		77B04A5E2227E2DC00169D9A /* CCPCalendarTable.h */ = {isa = PBXFileReference; fileEncoding = 4; lastKnownFileType = sourcecode.c.h; path = CCPCalendarTable.h; sourceTree = "<group>"; };
		77B04A5F2227E2DC00169D9A /* CCPCalendarCellTableViewCell.m */ = {isa = PBXFileReference; fileEncoding = 4; lastKnownFileType = sourcecode.c.objc; path = CCPCalendarCellTableViewCell.m; sourceTree = "<group>"; };
		77B04A602227E2DC00169D9A /* CCPCalendarModel.h */ = {isa = PBXFileReference; fileEncoding = 4; lastKnownFileType = sourcecode.c.h; path = CCPCalendarModel.h; sourceTree = "<group>"; };
		77B04A612227E2DC00169D9A /* NSDate+CCPCalendar.h */ = {isa = PBXFileReference; fileEncoding = 4; lastKnownFileType = sourcecode.c.h; path = "NSDate+CCPCalendar.h"; sourceTree = "<group>"; };
		77B04A622227E2DC00169D9A /* CCPCalendarView.h */ = {isa = PBXFileReference; fileEncoding = 4; lastKnownFileType = sourcecode.c.h; path = CCPCalendarView.h; sourceTree = "<group>"; };
		77B04A632227E2DC00169D9A /* UIView+CCPView.m */ = {isa = PBXFileReference; fileEncoding = 4; lastKnownFileType = sourcecode.c.objc; path = "UIView+CCPView.m"; sourceTree = "<group>"; };
		77B04A642227E2DC00169D9A /* NSObject+CCPObjc.m */ = {isa = PBXFileReference; fileEncoding = 4; lastKnownFileType = sourcecode.c.objc; path = "NSObject+CCPObjc.m"; sourceTree = "<group>"; };
		77B04A652227E2DC00169D9A /* CCPCalendarManager.h */ = {isa = PBXFileReference; fileEncoding = 4; lastKnownFileType = sourcecode.c.h; path = CCPCalendarManager.h; sourceTree = "<group>"; };
		77B04A662227E2DC00169D9A /* UILabel+CCPLabel.m */ = {isa = PBXFileReference; fileEncoding = 4; lastKnownFileType = sourcecode.c.objc; path = "UILabel+CCPLabel.m"; sourceTree = "<group>"; };
		77B04A672227E2DC00169D9A /* CCPCalendarHeader.m */ = {isa = PBXFileReference; fileEncoding = 4; lastKnownFileType = sourcecode.c.objc; path = CCPCalendarHeader.m; sourceTree = "<group>"; };
		77B04A682227E2DC00169D9A /* CCPCalendarButton.h */ = {isa = PBXFileReference; fileEncoding = 4; lastKnownFileType = sourcecode.c.h; path = CCPCalendarButton.h; sourceTree = "<group>"; };
		77B04A692227E2DC00169D9A /* CCPCalendarModel.m */ = {isa = PBXFileReference; fileEncoding = 4; lastKnownFileType = sourcecode.c.objc; path = CCPCalendarModel.m; sourceTree = "<group>"; };
		77B04A6A2227E2DC00169D9A /* CCPCalendarCellTableViewCell.h */ = {isa = PBXFileReference; fileEncoding = 4; lastKnownFileType = sourcecode.c.h; path = CCPCalendarCellTableViewCell.h; sourceTree = "<group>"; };
		77B04A6B2227E2DC00169D9A /* CCPCalendarTable.m */ = {isa = PBXFileReference; fileEncoding = 4; lastKnownFileType = sourcecode.c.objc; path = CCPCalendarTable.m; sourceTree = "<group>"; };
		77B04A6C2227E2DC00169D9A /* UILabel+CCPLabel.h */ = {isa = PBXFileReference; fileEncoding = 4; lastKnownFileType = sourcecode.c.h; path = "UILabel+CCPLabel.h"; sourceTree = "<group>"; };
		77B04A6D2227E2DC00169D9A /* CCPCalendarManager.m */ = {isa = PBXFileReference; fileEncoding = 4; lastKnownFileType = sourcecode.c.objc; path = CCPCalendarManager.m; sourceTree = "<group>"; };
		77B04A6E2227E2DC00169D9A /* NSObject+CCPObjc.h */ = {isa = PBXFileReference; fileEncoding = 4; lastKnownFileType = sourcecode.c.h; path = "NSObject+CCPObjc.h"; sourceTree = "<group>"; };
		77B04A6F2227E2DC00169D9A /* UIView+CCPView.h */ = {isa = PBXFileReference; fileEncoding = 4; lastKnownFileType = sourcecode.c.h; path = "UIView+CCPView.h"; sourceTree = "<group>"; };
		77B04A702227E2DC00169D9A /* CCPCalendarView.m */ = {isa = PBXFileReference; fileEncoding = 4; lastKnownFileType = sourcecode.c.objc; path = CCPCalendarView.m; sourceTree = "<group>"; };
		77B04A712227E2DC00169D9A /* NSDate+CCPCalendar.m */ = {isa = PBXFileReference; fileEncoding = 4; lastKnownFileType = sourcecode.c.objc; path = "NSDate+CCPCalendar.m"; sourceTree = "<group>"; };
		77B04A722227E2DC00169D9A /* CCPCalendarButton.m */ = {isa = PBXFileReference; fileEncoding = 4; lastKnownFileType = sourcecode.c.objc; path = CCPCalendarButton.m; sourceTree = "<group>"; };
		77B04A732227E2DC00169D9A /* CCPCalendarHeader.h */ = {isa = PBXFileReference; fileEncoding = 4; lastKnownFileType = sourcecode.c.h; path = CCPCalendarHeader.h; sourceTree = "<group>"; };
/* End PBXFileReference section */

/* Begin PBXFrameworksBuildPhase section */
		770DCBB222263908006BF573 /* Frameworks */ = {
			isa = PBXFrameworksBuildPhase;
			buildActionMask = 2147483647;
			files = (
			);
			runOnlyForDeploymentPostprocessing = 0;
		};
/* End PBXFrameworksBuildPhase section */

/* Begin PBXGroup section */
		770DCBAC22263908006BF573 = {
			isa = PBXGroup;
			children = (
				770DCBB722263908006BF573 /* TestApp */,
				770DCBB622263908006BF573 /* Products */,
			);
			sourceTree = "<group>";
		};
		770DCBB622263908006BF573 /* Products */ = {
			isa = PBXGroup;
			children = (
				770DCBB522263908006BF573 /* TestApp.app */,
			);
			name = Products;
			sourceTree = "<group>";
		};
		770DCBB722263908006BF573 /* TestApp */ = {
			isa = PBXGroup;
			children = (
				77B04A5D2227E2DC00169D9A /* CCPCalendar */,
				770DCBCE22263A6A006BF573 /* JQTool */,
				770DCBB822263908006BF573 /* AppDelegate.h */,
				770DCBB922263908006BF573 /* AppDelegate.m */,
				770DCBBB22263908006BF573 /* ViewController.h */,
				770DCBBC22263908006BF573 /* ViewController.m */,
				770DCBBE22263908006BF573 /* Main.storyboard */,
				770DCBC122263908006BF573 /* Assets.xcassets */,
				770DCBC322263908006BF573 /* LaunchScreen.storyboard */,
				770DCBC622263908006BF573 /* Info.plist */,
				770DCBC722263908006BF573 /* main.m */,
			);
			path = TestApp;
			sourceTree = "<group>";
		};
		770DCBCE22263A6A006BF573 /* JQTool */ = {
			isa = PBXGroup;
			children = (
				770DCBCF22263AC6006BF573 /* JQTool.h */,
				770DCBD022263AC6006BF573 /* JQTool.m */,
			);
			path = JQTool;
			sourceTree = "<group>";
		};
		77B04A5D2227E2DC00169D9A /* CCPCalendar */ = {
			isa = PBXGroup;
			children = (
				77B04A682227E2DC00169D9A /* CCPCalendarButton.h */,
				77B04A722227E2DC00169D9A /* CCPCalendarButton.m */,
				77B04A6A2227E2DC00169D9A /* CCPCalendarCellTableViewCell.h */,
				77B04A5F2227E2DC00169D9A /* CCPCalendarCellTableViewCell.m */,
				77B04A732227E2DC00169D9A /* CCPCalendarHeader.h */,
				77B04A672227E2DC00169D9A /* CCPCalendarHeader.m */,
				77B04A652227E2DC00169D9A /* CCPCalendarManager.h */,
				77B04A6D2227E2DC00169D9A /* CCPCalendarManager.m */,
				77B04A602227E2DC00169D9A /* CCPCalendarModel.h */,
				77B04A692227E2DC00169D9A /* CCPCalendarModel.m */,
				77B04A5E2227E2DC00169D9A /* CCPCalendarTable.h */,
				77B04A6B2227E2DC00169D9A /* CCPCalendarTable.m */,
				77B04A622227E2DC00169D9A /* CCPCalendarView.h */,
				77B04A702227E2DC00169D9A /* CCPCalendarView.m */,
				77B04A612227E2DC00169D9A /* NSDate+CCPCalendar.h */,
				77B04A712227E2DC00169D9A /* NSDate+CCPCalendar.m */,
				77B04A6E2227E2DC00169D9A /* NSObject+CCPObjc.h */,
				77B04A642227E2DC00169D9A /* NSObject+CCPObjc.m */,
				77B04A6C2227E2DC00169D9A /* UILabel+CCPLabel.h */,
				77B04A662227E2DC00169D9A /* UILabel+CCPLabel.m */,
				77B04A6F2227E2DC00169D9A /* UIView+CCPView.h */,
				77B04A632227E2DC00169D9A /* UIView+CCPView.m */,
			);
			path = CCPCalendar;
			sourceTree = "<group>";
		};
/* End PBXGroup section */

/* Begin PBXNativeTarget section */
		770DCBB422263908006BF573 /* TestApp */ = {
			isa = PBXNativeTarget;
			buildConfigurationList = 770DCBCB22263908006BF573 /* Build configuration list for PBXNativeTarget "TestApp" */;
			buildPhases = (
				770DCBB122263908006BF573 /* Sources */,
				770DCBB222263908006BF573 /* Frameworks */,
				770DCBB322263908006BF573 /* Resources */,
			);
			buildRules = (
			);
			dependencies = (
			);
			name = TestApp;
			productName = TestApp;
			productReference = 770DCBB522263908006BF573 /* TestApp.app */;
			productType = "com.apple.product-type.application";
		};
/* End PBXNativeTarget section */

/* Begin PBXProject section */
		770DCBAD22263908006BF573 /* Project object */ = {
			isa = PBXProject;
			attributes = {
				LastUpgradeCheck = 1000;
				ORGANIZATIONNAME = maoge;
				TargetAttributes = {
					770DCBB422263908006BF573 = {
						CreatedOnToolsVersion = 10.0;
					};
				};
			};
			buildConfigurationList = 770DCBB022263908006BF573 /* Build configuration list for PBXProject "TestApp" */;
			compatibilityVersion = "Xcode 9.3";
			developmentRegion = en;
			hasScannedForEncodings = 0;
			knownRegions = (
				en,
				Base,
			);
			mainGroup = 770DCBAC22263908006BF573;
			productRefGroup = 770DCBB622263908006BF573 /* Products */;
			projectDirPath = "";
			projectRoot = "";
			targets = (
				770DCBB422263908006BF573 /* TestApp */,
			);
		};
/* End PBXProject section */

/* Begin PBXResourcesBuildPhase section */
		770DCBB322263908006BF573 /* Resources */ = {
			isa = PBXResourcesBuildPhase;
			buildActionMask = 2147483647;
			files = (
				770DCBC522263908006BF573 /* LaunchScreen.storyboard in Resources */,
				770DCBC222263908006BF573 /* Assets.xcassets in Resources */,
				770DCBC022263908006BF573 /* Main.storyboard in Resources */,
			);
			runOnlyForDeploymentPostprocessing = 0;
		};
/* End PBXResourcesBuildPhase section */

/* Begin PBXSourcesBuildPhase section */
		770DCBB122263908006BF573 /* Sources */ = {
			isa = PBXSourcesBuildPhase;
			buildActionMask = 2147483647;
			files = (
				77B04A792227E2DC00169D9A /* CCPCalendarModel.m in Sources */,
				77B04A7C2227E2DC00169D9A /* CCPCalendarView.m in Sources */,
				770DCBD122263AC6006BF573 /* JQTool.m in Sources */,
				77B04A7B2227E2DC00169D9A /* CCPCalendarManager.m in Sources */,
				77B04A7A2227E2DC00169D9A /* CCPCalendarTable.m in Sources */,
				77B04A7D2227E2DC00169D9A /* NSDate+CCPCalendar.m in Sources */,
				77B04A7E2227E2DC00169D9A /* CCPCalendarButton.m in Sources */,
				770DCBBD22263908006BF573 /* ViewController.m in Sources */,
				77B04A782227E2DC00169D9A /* CCPCalendarHeader.m in Sources */,
				77B04A752227E2DC00169D9A /* UIView+CCPView.m in Sources */,
				770DCBC822263908006BF573 /* main.m in Sources */,
				77B04A772227E2DC00169D9A /* UILabel+CCPLabel.m in Sources */,
				77B04A762227E2DC00169D9A /* NSObject+CCPObjc.m in Sources */,
				770DCBBA22263908006BF573 /* AppDelegate.m in Sources */,
				77B04A742227E2DC00169D9A /* CCPCalendarCellTableViewCell.m in Sources */,
			);
			runOnlyForDeploymentPostprocessing = 0;
		};
/* End PBXSourcesBuildPhase section */

/* Begin PBXVariantGroup section */
		770DCBBE22263908006BF573 /* Main.storyboard */ = {
			isa = PBXVariantGroup;
			children = (
				770DCBBF22263908006BF573 /* Base */,
			);
			name = Main.storyboard;
			sourceTree = "<group>";
		};
		770DCBC322263908006BF573 /* LaunchScreen.storyboard */ = {
			isa = PBXVariantGroup;
			children = (
				770DCBC422263908006BF573 /* Base */,
			);
			name = LaunchScreen.storyboard;
			sourceTree = "<group>";
		};
/* End PBXVariantGroup section */

/* Begin XCBuildConfiguration section */
		770DCBC922263908006BF573 /* Debug */ = {
			isa = XCBuildConfiguration;
			buildSettings = {
				ALWAYS_SEARCH_USER_PATHS = NO;
				CLANG_ANALYZER_NONNULL = YES;
				CLANG_ANALYZER_NUMBER_OBJECT_CONVERSION = YES_AGGRESSIVE;
				CLANG_CXX_LANGUAGE_STANDARD = "gnu++14";
				CLANG_CXX_LIBRARY = "libc++";
				CLANG_ENABLE_MODULES = YES;
				CLANG_ENABLE_OBJC_ARC = YES;
				CLANG_ENABLE_OBJC_WEAK = YES;
				CLANG_WARN_BLOCK_CAPTURE_AUTORELEASING = YES;
				CLANG_WARN_BOOL_CONVERSION = YES;
				CLANG_WARN_COMMA = YES;
				CLANG_WARN_CONSTANT_CONVERSION = YES;
				CLANG_WARN_DEPRECATED_OBJC_IMPLEMENTATIONS = YES;
				CLANG_WARN_DIRECT_OBJC_ISA_USAGE = YES_ERROR;
				CLANG_WARN_DOCUMENTATION_COMMENTS = YES;
				CLANG_WARN_EMPTY_BODY = YES;
				CLANG_WARN_ENUM_CONVERSION = YES;
				CLANG_WARN_INFINITE_RECURSION = YES;
				CLANG_WARN_INT_CONVERSION = YES;
				CLANG_WARN_NON_LITERAL_NULL_CONVERSION = YES;
				CLANG_WARN_OBJC_IMPLICIT_RETAIN_SELF = YES;
				CLANG_WARN_OBJC_LITERAL_CONVERSION = YES;
				CLANG_WARN_OBJC_ROOT_CLASS = YES_ERROR;
				CLANG_WARN_RANGE_LOOP_ANALYSIS = YES;
				CLANG_WARN_STRICT_PROTOTYPES = YES;
				CLANG_WARN_SUSPICIOUS_MOVE = YES;
				CLANG_WARN_UNGUARDED_AVAILABILITY = YES_AGGRESSIVE;
				CLANG_WARN_UNREACHABLE_CODE = YES;
				CLANG_WARN__DUPLICATE_METHOD_MATCH = YES;
				CODE_SIGN_IDENTITY = "iPhone Developer";
				COPY_PHASE_STRIP = NO;
				DEBUG_INFORMATION_FORMAT = dwarf;
				ENABLE_STRICT_OBJC_MSGSEND = YES;
				ENABLE_TESTABILITY = YES;
				GCC_C_LANGUAGE_STANDARD = gnu11;
				GCC_DYNAMIC_NO_PIC = NO;
				GCC_NO_COMMON_BLOCKS = YES;
				GCC_OPTIMIZATION_LEVEL = 0;
				GCC_PREPROCESSOR_DEFINITIONS = (
					"DEBUG=1",
					"$(inherited)",
				);
				GCC_WARN_64_TO_32_BIT_CONVERSION = YES;
				GCC_WARN_ABOUT_RETURN_TYPE = YES_ERROR;
				GCC_WARN_UNDECLARED_SELECTOR = YES;
				GCC_WARN_UNINITIALIZED_AUTOS = YES_AGGRESSIVE;
				GCC_WARN_UNUSED_FUNCTION = YES;
				GCC_WARN_UNUSED_VARIABLE = YES;
				IPHONEOS_DEPLOYMENT_TARGET = 12.0;
				MTL_ENABLE_DEBUG_INFO = INCLUDE_SOURCE;
				MTL_FAST_MATH = YES;
				ONLY_ACTIVE_ARCH = YES;
				SDKROOT = iphoneos;
			};
			name = Debug;
		};
		770DCBCA22263908006BF573 /* Release */ = {
			isa = XCBuildConfiguration;
			buildSettings = {
				ALWAYS_SEARCH_USER_PATHS = NO;
				CLANG_ANALYZER_NONNULL = YES;
				CLANG_ANALYZER_NUMBER_OBJECT_CONVERSION = YES_AGGRESSIVE;
				CLANG_CXX_LANGUAGE_STANDARD = "gnu++14";
				CLANG_CXX_LIBRARY = "libc++";
				CLANG_ENABLE_MODULES = YES;
				CLANG_ENABLE_OBJC_ARC = YES;
				CLANG_ENABLE_OBJC_WEAK = YES;
				CLANG_WARN_BLOCK_CAPTURE_AUTORELEASING = YES;
				CLANG_WARN_BOOL_CONVERSION = YES;
				CLANG_WARN_COMMA = YES;
				CLANG_WARN_CONSTANT_CONVERSION = YES;
				CLANG_WARN_DEPRECATED_OBJC_IMPLEMENTATIONS = YES;
				CLANG_WARN_DIRECT_OBJC_ISA_USAGE = YES_ERROR;
				CLANG_WARN_DOCUMENTATION_COMMENTS = YES;
				CLANG_WARN_EMPTY_BODY = YES;
				CLANG_WARN_ENUM_CONVERSION = YES;
				CLANG_WARN_INFINITE_RECURSION = YES;
				CLANG_WARN_INT_CONVERSION = YES;
				CLANG_WARN_NON_LITERAL_NULL_CONVERSION = YES;
				CLANG_WARN_OBJC_IMPLICIT_RETAIN_SELF = YES;
				CLANG_WARN_OBJC_LITERAL_CONVERSION = YES;
				CLANG_WARN_OBJC_ROOT_CLASS = YES_ERROR;
				CLANG_WARN_RANGE_LOOP_ANALYSIS = YES;
				CLANG_WARN_STRICT_PROTOTYPES = YES;
				CLANG_WARN_SUSPICIOUS_MOVE = YES;
				CLANG_WARN_UNGUARDED_AVAILABILITY = YES_AGGRESSIVE;
				CLANG_WARN_UNREACHABLE_CODE = YES;
				CLANG_WARN__DUPLICATE_METHOD_MATCH = YES;
				CODE_SIGN_IDENTITY = "iPhone Developer";
				COPY_PHASE_STRIP = NO;
				DEBUG_INFORMATION_FORMAT = "dwarf-with-dsym";
				ENABLE_NS_ASSERTIONS = NO;
				ENABLE_STRICT_OBJC_MSGSEND = YES;
				GCC_C_LANGUAGE_STANDARD = gnu11;
				GCC_NO_COMMON_BLOCKS = YES;
				GCC_WARN_64_TO_32_BIT_CONVERSION = YES;
				GCC_WARN_ABOUT_RETURN_TYPE = YES_ERROR;
				GCC_WARN_UNDECLARED_SELECTOR = YES;
				GCC_WARN_UNINITIALIZED_AUTOS = YES_AGGRESSIVE;
				GCC_WARN_UNUSED_FUNCTION = YES;
				GCC_WARN_UNUSED_VARIABLE = YES;
				IPHONEOS_DEPLOYMENT_TARGET = 12.0;
				MTL_ENABLE_DEBUG_INFO = NO;
				MTL_FAST_MATH = YES;
				SDKROOT = iphoneos;
				VALIDATE_PRODUCT = YES;
			};
			name = Release;
		};
		770DCBCC22263908006BF573 /* Debug */ = {
			isa = XCBuildConfiguration;
			buildSettings = {
				ASSETCATALOG_COMPILER_APPICON_NAME = AppIcon;
				CODE_SIGN_IDENTITY = "iPhone Developer";
				CODE_SIGN_STYLE = Automatic;
				DEVELOPMENT_TEAM = L3TXV22669;
				INFOPLIST_FILE = TestApp/Info.plist;
				IPHONEOS_DEPLOYMENT_TARGET = 9.0;
				LD_RUNPATH_SEARCH_PATHS = (
					"$(inherited)",
					"@executable_path/Frameworks",
				);
				PRODUCT_BUNDLE_IDENTIFIER = com.dytDoctor.TestApp;
				PRODUCT_NAME = "$(TARGET_NAME)";
				PROVISIONING_PROFILE_SPECIFIER = "";
				TARGETED_DEVICE_FAMILY = 1;
			};
			name = Debug;
		};
		770DCBCD22263908006BF573 /* Release */ = {
			isa = XCBuildConfiguration;
			buildSettings = {
				ASSETCATALOG_COMPILER_APPICON_NAME = AppIcon;
				CODE_SIGN_IDENTITY = "iPhone Developer";
				CODE_SIGN_STYLE = Automatic;
				DEVELOPMENT_TEAM = L3TXV22669;
				INFOPLIST_FILE = TestApp/Info.plist;
				IPHONEOS_DEPLOYMENT_TARGET = 9.0;
				LD_RUNPATH_SEARCH_PATHS = (
					"$(inherited)",
					"@executable_path/Frameworks",
				);
				PRODUCT_BUNDLE_IDENTIFIER = com.dytDoctor.TestApp;
				PRODUCT_NAME = "$(TARGET_NAME)";
				PROVISIONING_PROFILE_SPECIFIER = "";
				TARGETED_DEVICE_FAMILY = 1;
			};
			name = Release;
		};
/* End XCBuildConfiguration section */

/* Begin XCConfigurationList section */
		770DCBB022263908006BF573 /* Build configuration list for PBXProject "TestApp" */ = {
			isa = XCConfigurationList;
			buildConfigurations = (
				770DCBC922263908006BF573 /* Debug */,
				770DCBCA22263908006BF573 /* Release */,
			);
			defaultConfigurationIsVisible = 0;
			defaultConfigurationName = Release;
		};
		770DCBCB22263908006BF573 /* Build configuration list for PBXNativeTarget "TestApp" */ = {
			isa = XCConfigurationList;
			buildConfigurations = (
				770DCBCC22263908006BF573 /* Debug */,
				770DCBCD22263908006BF573 /* Release */,
			);
			defaultConfigurationIsVisible = 0;
			defaultConfigurationName = Release;
		};
/* End XCConfigurationList section */
	};
	rootObject = 770DCBAD22263908006BF573 /* Project object */;
}
